
Microsoft Visual Studio Solution File, Format Version 12.00
# Visual Studio Version 17
VisualStudioVersion = 17.2.32630.192
MinimumVisualStudioVersion = 10.0.40219.1
Project("{9A19103F-16F7-4668-BE54-9A1E7A4F7556}") = "EE.GameObjectSystem", "EE.GameObjectSystem\EE.GameObjectSystem.csproj", "{60E6F710-A40E-457A-B767-2C7201071DCF}"
EndProject
Project("{9A19103F-16F7-4668-BE54-9A1E7A4F7556}") = "EE.MonoGameBase", "MonoGameBase\EE.MonoGameBase.csproj", "{293524B3-A26D-4036-BD7B-9BAAF7344DFD}"
EndProject
Project("{9A19103F-16F7-4668-BE54-9A1E7A4F7556}") = "EE.SurvivalArena", "EE.SurvivalArena\EE.SurvivalArena.csproj", "{9C4760DB-1CB4-4718-968E-BCE0EA4A3CFB}"
EndProject
Project("{9A19103F-16F7-4668-BE54-9A1E7A4F7556}") = "EE.CollisionSystem", "EE.CollisionSystem\EE.CollisionSystem.csproj", "{726F037E-2C06-4DA8-95C2-81A98C21EF34}"
EndProject
Project("{9A19103F-16F7-4668-BE54-9A1E7A4F7556}") = "EE.TilemapSystem", "EE.TilemapSystem\EE.TilemapSystem.csproj", "{86BD490E-23E8-4DC2-BCE5-32116A8723A1}"
EndProject
Project("{9A19103F-16F7-4668-BE54-9A1E7A4F7556}") = "EE.InputSystem", "EE.InputSystem\EE.InputSystem.csproj", "{9B708B0F-7079-4F71-9EB1-3C40F52F52EA}"
EndProject
Project("{9A19103F-16F7-4668-BE54-9A1E7A4F7556}") = "EE.PhysicsSystem", "EE.PhysicsSystem\EE.PhysicsSystem.csproj", "{D5B4B76E-67A4-4501-BF3A-6E45D62A572C}"
EndProject
Project("{9A19103F-16F7-4668-BE54-9A1E7A4F7556}") = "EE.PoolingSystem", "EE.PoolingSystem\EE.PoolingSystem.csproj", "{47044F39-A339-4F2F-8271-DCC5EC4905F3}"
EndProject
Project("{9A19103F-16F7-4668-BE54-9A1E7A4F7556}") = "EE.HealthSystem", "EE.HealthSystem\EE.HealthSystem.csproj", "{0D75BAF5-B6AF-41F4-885D-AF1996890A11}"
EndProject
Project("{9A19103F-16F7-4668-BE54-9A1E7A4F7556}") = "EE.SpriteRendererSystem", "EE.SpriteRendererSystem\EE.SpriteRendererSystem.csproj", "{A448418E-DBDB-4C83-9093-5717D0577F05}"
EndProject
Project("{9A19103F-16F7-4668-BE54-9A1E7A4F7556}") = "EE.MainMenuSystem", "MainMenuSystem\EE.MainMenuSystem.csproj", "{F765E23D-AAD0-4EC9-9B31-92EC661CF385}"
EndProject
Project("{9A19103F-16F7-4668-BE54-9A1E7A4F7556}") = "EE.ScoreSystem", "EE.ScoreSystem\EE.ScoreSystem.csproj", "{DE0105E2-0999-4FCE-BE1B-54DB01DB9F8E}"
EndProject
Project("{9A19103F-16F7-4668-BE54-9A1E7A4F7556}") = "EE.StateSystem", "EE.StateSystem\EE.StateSystem.csproj", "{9CDD0BDA-15FF-43DB-9EA8-D4E3B797A399}"
EndProject
Project("{9A19103F-16F7-4668-BE54-9A1E7A4F7556}") = "EE.AbilitySystem", "EE.AbilitySystem\EE.AbilitySystem.csproj", "{991C69E8-ED69-42C7-8439-7A6C14C96FDC}"
EndProject
Project("{9A19103F-16F7-4668-BE54-9A1E7A4F7556}") = "EE.SoundSystem", "EE.SoundSystem\EE.SoundSystem.csproj", "{1054B62E-8AEA-482D-A56B-8A472BCA2BFF}"
EndProject
Project("{9A19103F-16F7-4668-BE54-9A1E7A4F7556}") = "EE.FileManagement", "EE.FileManagement\EE.FileManagement.csproj", "{C78BF29D-3603-4719-881F-7B7458E58B47}"
EndProject
Project("{9A19103F-16F7-4668-BE54-9A1E7A4F7556}") = "EE.SurvivalArena.Units", "EE.SurvivalArena.Units\EE.SurvivalArena.Units.csproj", "{A4AA6EE8-148F-48A4-8EA7-CCDC6FEB56E6}"
EndProject
Project("{FAE04EC0-301F-11D3-BF4B-00C04F79EFBC}") = "EE.CollisionSystem.Tests", "EE.CollisionSystem.Tests\EE.CollisionSystem.Tests.csproj", "{35F49C2C-CC82-4434-8559-5050F8B16648}"
EndProject
Project("{FAE04EC0-301F-11D3-BF4B-00C04F79EFBC}") = "EE.Test.Utils", "EE.Test.Utils\EE.Test.Utils.csproj", "{BAA8AF88-B42B-4B82-8D03-D7CB4EAB3522}"
EndProject
Project("{2150E333-8FDC-42A3-9474-1A3956D46DE8}") = "Tests", "Tests", "{CAAB547D-81F3-436E-98D9-788CC472CCD3}"
EndProject
Project("{2150E333-8FDC-42A3-9474-1A3956D46DE8}") = "Project", "Project", "{61308302-7377-429A-8BD4-7EE1FA2C54D9}"
EndProject
Global
	GlobalSection(SolutionConfigurationPlatforms) = preSolution
		Debug|Any CPU = Debug|Any CPU
		Release|Any CPU = Release|Any CPU
	EndGlobalSection
	GlobalSection(ProjectConfigurationPlatforms) = postSolution
		{60E6F710-A40E-457A-B767-2C7201071DCF}.Debug|Any CPU.ActiveCfg = Debug|Any CPU
		{60E6F710-A40E-457A-B767-2C7201071DCF}.Debug|Any CPU.Build.0 = Debug|Any CPU
		{60E6F710-A40E-457A-B767-2C7201071DCF}.Release|Any CPU.ActiveCfg = Release|Any CPU
		{60E6F710-A40E-457A-B767-2C7201071DCF}.Release|Any CPU.Build.0 = Release|Any CPU
		{293524B3-A26D-4036-BD7B-9BAAF7344DFD}.Debug|Any CPU.ActiveCfg = Debug|Any CPU
		{293524B3-A26D-4036-BD7B-9BAAF7344DFD}.Debug|Any CPU.Build.0 = Debug|Any CPU
		{293524B3-A26D-4036-BD7B-9BAAF7344DFD}.Release|Any CPU.ActiveCfg = Release|Any CPU
		{293524B3-A26D-4036-BD7B-9BAAF7344DFD}.Release|Any CPU.Build.0 = Release|Any CPU
		{9C4760DB-1CB4-4718-968E-BCE0EA4A3CFB}.Debug|Any CPU.ActiveCfg = Debug|Any CPU
		{9C4760DB-1CB4-4718-968E-BCE0EA4A3CFB}.Debug|Any CPU.Build.0 = Debug|Any CPU
		{9C4760DB-1CB4-4718-968E-BCE0EA4A3CFB}.Release|Any CPU.ActiveCfg = Release|Any CPU
		{9C4760DB-1CB4-4718-968E-BCE0EA4A3CFB}.Release|Any CPU.Build.0 = Release|Any CPU
		{726F037E-2C06-4DA8-95C2-81A98C21EF34}.Debug|Any CPU.ActiveCfg = Debug|Any CPU
		{726F037E-2C06-4DA8-95C2-81A98C21EF34}.Debug|Any CPU.Build.0 = Debug|Any CPU
		{726F037E-2C06-4DA8-95C2-81A98C21EF34}.Release|Any CPU.ActiveCfg = Release|Any CPU
		{726F037E-2C06-4DA8-95C2-81A98C21EF34}.Release|Any CPU.Build.0 = Release|Any CPU
		{86BD490E-23E8-4DC2-BCE5-32116A8723A1}.Debug|Any CPU.ActiveCfg = Debug|Any CPU
		{86BD490E-23E8-4DC2-BCE5-32116A8723A1}.Debug|Any CPU.Build.0 = Debug|Any CPU
		{86BD490E-23E8-4DC2-BCE5-32116A8723A1}.Release|Any CPU.ActiveCfg = Release|Any CPU
		{86BD490E-23E8-4DC2-BCE5-32116A8723A1}.Release|Any CPU.Build.0 = Release|Any CPU
		{9B708B0F-7079-4F71-9EB1-3C40F52F52EA}.Debug|Any CPU.ActiveCfg = Debug|Any CPU
		{9B708B0F-7079-4F71-9EB1-3C40F52F52EA}.Debug|Any CPU.Build.0 = Debug|Any CPU
		{9B708B0F-7079-4F71-9EB1-3C40F52F52EA}.Release|Any CPU.ActiveCfg = Release|Any CPU
		{9B708B0F-7079-4F71-9EB1-3C40F52F52EA}.Release|Any CPU.Build.0 = Release|Any CPU
		{D5B4B76E-67A4-4501-BF3A-6E45D62A572C}.Debug|Any CPU.ActiveCfg = Debug|Any CPU
		{D5B4B76E-67A4-4501-BF3A-6E45D62A572C}.Debug|Any CPU.Build.0 = Debug|Any CPU
		{D5B4B76E-67A4-4501-BF3A-6E45D62A572C}.Release|Any CPU.ActiveCfg = Release|Any CPU
		{D5B4B76E-67A4-4501-BF3A-6E45D62A572C}.Release|Any CPU.Build.0 = Release|Any CPU
		{47044F39-A339-4F2F-8271-DCC5EC4905F3}.Debug|Any CPU.ActiveCfg = Debug|Any CPU
		{47044F39-A339-4F2F-8271-DCC5EC4905F3}.Debug|Any CPU.Build.0 = Debug|Any CPU
		{47044F39-A339-4F2F-8271-DCC5EC4905F3}.Release|Any CPU.ActiveCfg = Release|Any CPU
		{47044F39-A339-4F2F-8271-DCC5EC4905F3}.Release|Any CPU.Build.0 = Release|Any CPU
		{0D75BAF5-B6AF-41F4-885D-AF1996890A11}.Debug|Any CPU.ActiveCfg = Debug|Any CPU
		{0D75BAF5-B6AF-41F4-885D-AF1996890A11}.Debug|Any CPU.Build.0 = Debug|Any CPU
		{0D75BAF5-B6AF-41F4-885D-AF1996890A11}.Release|Any CPU.ActiveCfg = Release|Any CPU
		{0D75BAF5-B6AF-41F4-885D-AF1996890A11}.Release|Any CPU.Build.0 = Release|Any CPU
		{A448418E-DBDB-4C83-9093-5717D0577F05}.Debug|Any CPU.ActiveCfg = Debug|Any CPU
		{A448418E-DBDB-4C83-9093-5717D0577F05}.Debug|Any CPU.Build.0 = Debug|Any CPU
		{A448418E-DBDB-4C83-9093-5717D0577F05}.Release|Any CPU.ActiveCfg = Release|Any CPU
		{A448418E-DBDB-4C83-9093-5717D0577F05}.Release|Any CPU.Build.0 = Release|Any CPU
		{F765E23D-AAD0-4EC9-9B31-92EC661CF385}.Debug|Any CPU.ActiveCfg = Debug|Any CPU
		{F765E23D-AAD0-4EC9-9B31-92EC661CF385}.Debug|Any CPU.Build.0 = Debug|Any CPU
		{F765E23D-AAD0-4EC9-9B31-92EC661CF385}.Release|Any CPU.ActiveCfg = Release|Any CPU
		{F765E23D-AAD0-4EC9-9B31-92EC661CF385}.Release|Any CPU.Build.0 = Release|Any CPU
		{DE0105E2-0999-4FCE-BE1B-54DB01DB9F8E}.Debug|Any CPU.ActiveCfg = Debug|Any CPU
		{DE0105E2-0999-4FCE-BE1B-54DB01DB9F8E}.Debug|Any CPU.Build.0 = Debug|Any CPU
		{DE0105E2-0999-4FCE-BE1B-54DB01DB9F8E}.Release|Any CPU.ActiveCfg = Release|Any CPU
		{DE0105E2-0999-4FCE-BE1B-54DB01DB9F8E}.Release|Any CPU.Build.0 = Release|Any CPU
		{9CDD0BDA-15FF-43DB-9EA8-D4E3B797A399}.Debug|Any CPU.ActiveCfg = Debug|Any CPU
		{9CDD0BDA-15FF-43DB-9EA8-D4E3B797A399}.Debug|Any CPU.Build.0 = Debug|Any CPU
		{9CDD0BDA-15FF-43DB-9EA8-D4E3B797A399}.Release|Any CPU.ActiveCfg = Release|Any CPU
		{9CDD0BDA-15FF-43DB-9EA8-D4E3B797A399}.Release|Any CPU.Build.0 = Release|Any CPU
		{991C69E8-ED69-42C7-8439-7A6C14C96FDC}.Debug|Any CPU.ActiveCfg = Debug|Any CPU
		{991C69E8-ED69-42C7-8439-7A6C14C96FDC}.Debug|Any CPU.Build.0 = Debug|Any CPU
		{991C69E8-ED69-42C7-8439-7A6C14C96FDC}.Release|Any CPU.ActiveCfg = Release|Any CPU
		{991C69E8-ED69-42C7-8439-7A6C14C96FDC}.Release|Any CPU.Build.0 = Release|Any CPU
		{1054B62E-8AEA-482D-A56B-8A472BCA2BFF}.Debug|Any CPU.ActiveCfg = Debug|Any CPU
		{1054B62E-8AEA-482D-A56B-8A472BCA2BFF}.Debug|Any CPU.Build.0 = Debug|Any CPU
		{1054B62E-8AEA-482D-A56B-8A472BCA2BFF}.Release|Any CPU.ActiveCfg = Release|Any CPU
		{1054B62E-8AEA-482D-A56B-8A472BCA2BFF}.Release|Any CPU.Build.0 = Release|Any CPU
		{C78BF29D-3603-4719-881F-7B7458E58B47}.Debug|Any CPU.ActiveCfg = Debug|Any CPU
		{C78BF29D-3603-4719-881F-7B7458E58B47}.Debug|Any CPU.Build.0 = Debug|Any CPU
		{C78BF29D-3603-4719-881F-7B7458E58B47}.Release|Any CPU.ActiveCfg = Release|Any CPU
		{C78BF29D-3603-4719-881F-7B7458E58B47}.Release|Any CPU.Build.0 = Release|Any CPU
		{A4AA6EE8-148F-48A4-8EA7-CCDC6FEB56E6}.Debug|Any CPU.ActiveCfg = Debug|Any CPU
		{A4AA6EE8-148F-48A4-8EA7-CCDC6FEB56E6}.Debug|Any CPU.Build.0 = Debug|Any CPU
		{A4AA6EE8-148F-48A4-8EA7-CCDC6FEB56E6}.Release|Any CPU.ActiveCfg = Release|Any CPU
		{A4AA6EE8-148F-48A4-8EA7-CCDC6FEB56E6}.Release|Any CPU.Build.0 = Release|Any CPU
		{35F49C2C-CC82-4434-8559-5050F8B16648}.Debug|Any CPU.ActiveCfg = Debug|Any CPU
		{35F49C2C-CC82-4434-8559-5050F8B16648}.Debug|Any CPU.Build.0 = Debug|Any CPU
		{35F49C2C-CC82-4434-8559-5050F8B16648}.Release|Any CPU.ActiveCfg = Release|Any CPU
		{35F49C2C-CC82-4434-8559-5050F8B16648}.Release|Any CPU.Build.0 = Release|Any CPU
		{BAA8AF88-B42B-4B82-8D03-D7CB4EAB3522}.Debug|Any CPU.ActiveCfg = Debug|Any CPU
		{BAA8AF88-B42B-4B82-8D03-D7CB4EAB3522}.Debug|Any CPU.Build.0 = Debug|Any CPU
		{BAA8AF88-B42B-4B82-8D03-D7CB4EAB3522}.Release|Any CPU.ActiveCfg = Release|Any CPU
		{BAA8AF88-B42B-4B82-8D03-D7CB4EAB3522}.Release|Any CPU.Build.0 = Release|Any CPU
	EndGlobalSection
	GlobalSection(SolutionProperties) = preSolution
		HideSolutionNode = FALSE
	EndGlobalSection
	GlobalSection(NestedProjects) = preSolution
		{60E6F710-A40E-457A-B767-2C7201071DCF} = {61308302-7377-429A-8BD4-7EE1FA2C54D9}
		{293524B3-A26D-4036-BD7B-9BAAF7344DFD} = {61308302-7377-429A-8BD4-7EE1FA2C54D9}
		{9C4760DB-1CB4-4718-968E-BCE0EA4A3CFB} = {61308302-7377-429A-8BD4-7EE1FA2C54D9}
		{726F037E-2C06-4DA8-95C2-81A98C21EF34} = {61308302-7377-429A-8BD4-7EE1FA2C54D9}
		{86BD490E-23E8-4DC2-BCE5-32116A8723A1} = {61308302-7377-429A-8BD4-7EE1FA2C54D9}
		{9B708B0F-7079-4F71-9EB1-3C40F52F52EA} = {61308302-7377-429A-8BD4-7EE1FA2C54D9}
		{D5B4B76E-67A4-4501-BF3A-6E45D62A572C} = {61308302-7377-429A-8BD4-7EE1FA2C54D9}
		{47044F39-A339-4F2F-8271-DCC5EC4905F3} = {61308302-7377-429A-8BD4-7EE1FA2C54D9}
		{0D75BAF5-B6AF-41F4-885D-AF1996890A11} = {61308302-7377-429A-8BD4-7EE1FA2C54D9}
		{A448418E-DBDB-4C83-9093-5717D0577F05} = {61308302-7377-429A-8BD4-7EE1FA2C54D9}
		{F765E23D-AAD0-4EC9-9B31-92EC661CF385} = {61308302-7377-429A-8BD4-7EE1FA2C54D9}
		{DE0105E2-0999-4FCE-BE1B-54DB01DB9F8E} = {61308302-7377-429A-8BD4-7EE1FA2C54D9}
		{9CDD0BDA-15FF-43DB-9EA8-D4E3B797A399} = {61308302-7377-429A-8BD4-7EE1FA2C54D9}
		{991C69E8-ED69-42C7-8439-7A6C14C96FDC} = {61308302-7377-429A-8BD4-7EE1FA2C54D9}
		{1054B62E-8AEA-482D-A56B-8A472BCA2BFF} = {61308302-7377-429A-8BD4-7EE1FA2C54D9}
		{C78BF29D-3603-4719-881F-7B7458E58B47} = {61308302-7377-429A-8BD4-7EE1FA2C54D9}
		{A4AA6EE8-148F-48A4-8EA7-CCDC6FEB56E6} = {61308302-7377-429A-8BD4-7EE1FA2C54D9}
		{35F49C2C-CC82-4434-8559-5050F8B16648} = {CAAB547D-81F3-436E-98D9-788CC472CCD3}
		{BAA8AF88-B42B-4B82-8D03-D7CB4EAB3522} = {CAAB547D-81F3-436E-98D9-788CC472CCD3}
	EndGlobalSection
	GlobalSection(ExtensibilityGlobals) = postSolution
		SolutionGuid = {78C99C3C-AB03-4E11-B70A-EE1588E290B7}
	EndGlobalSection
EndGlobal
